{
  "name": "ReactWeather",
  "version": "0.0.1",
  "lockfileVersion": 1,
  "requires": true,
  "dependencies": {
    "react-native-msc-speech": {
      "version": "1.0.6",
      "resolved": "http://registry.npm.taobao.org/react-native-msc-speech/download/react-native-msc-speech-1.0.6.tgz",
      "integrity": "sha1-5O3Q4gEu74mj7DQnqOx0SjypFlg="
    }
  }
}
